
Microsoft Visual Studio Solution File, Format Version 12.00
# Visual Studio Version 16
VisualStudioVersion = 16.0.31702.278
MinimumVisualStudioVersion = 10.0.40219.1
Project("{FAE04EC0-301F-11D3-BF4B-00C04F79EFBC}") = "MagicMaze", "MagicMaze.csproj", "{9A184B94-D5EF-4E96-B6BC-944E11BEECA7}"
EndProject
Project("{FAE04EC0-301F-11D3-BF4B-00C04F79EFBC}") = "MagicMaze.Controllers", "..\MagicMaze.Controllers\MagicMaze.Controllers.csproj", "{E5B623B2-DB8E-4502-BBF1-34B55F52A609}"
EndProject
Project("{FAE04EC0-301F-11D3-BF4B-00C04F79EFBC}") = "MagicMaze.Core", "..\MagicMaze.Core\MagicMaze.Core.csproj", "{19AB7778-7EF3-4B76-93C0-35AD7C64FF3D}"
EndProject
Project("{FAE04EC0-301F-11D3-BF4B-00C04F79EFBC}") = "MagicMaze.Interfaces", "..\MagicMaze.Interfaces\MagicMaze.Interfaces.csproj", "{3C7F0222-55AC-4F03-BE84-9521C75940B8}"
EndProject
Project("{FAE04EC0-301F-11D3-BF4B-00C04F79EFBC}") = "MagicMaze.Services", "..\MagicMaze.Services\MagicMaze.Services.csproj", "{F17D1876-7F62-4CBE-AC07-F226065802F8}"
EndProject
Global
	GlobalSection(SolutionConfigurationPlatforms) = preSolution
		Debug|Any CPU = Debug|Any CPU
		Release|Any CPU = Release|Any CPU
	EndGlobalSection
	GlobalSection(ProjectConfigurationPlatforms) = postSolution
		{9A184B94-D5EF-4E96-B6BC-944E11BEECA7}.Debug|Any CPU.ActiveCfg = Debug|Any CPU
		{9A184B94-D5EF-4E96-B6BC-944E11BEECA7}.Debug|Any CPU.Build.0 = Debug|Any CPU
		{9A184B94-D5EF-4E96-B6BC-944E11BEECA7}.Release|Any CPU.ActiveCfg = Release|Any CPU
		{9A184B94-D5EF-4E96-B6BC-944E11BEECA7}.Release|Any CPU.Build.0 = Release|Any CPU
		{E5B623B2-DB8E-4502-BBF1-34B55F52A609}.Debug|Any CPU.ActiveCfg = Debug|Any CPU
		{E5B623B2-DB8E-4502-BBF1-34B55F52A609}.Debug|Any CPU.Build.0 = Debug|Any CPU
		{E5B623B2-DB8E-4502-BBF1-34B55F52A609}.Release|Any CPU.ActiveCfg = Release|Any CPU
		{E5B623B2-DB8E-4502-BBF1-34B55F52A609}.Release|Any CPU.Build.0 = Release|Any CPU
		{19AB7778-7EF3-4B76-93C0-35AD7C64FF3D}.Debug|Any CPU.ActiveCfg = Debug|Any CPU
		{19AB7778-7EF3-4B76-93C0-35AD7C64FF3D}.Debug|Any CPU.Build.0 = Debug|Any CPU
		{19AB7778-7EF3-4B76-93C0-35AD7C64FF3D}.Release|Any CPU.ActiveCfg = Release|Any CPU
		{19AB7778-7EF3-4B76-93C0-35AD7C64FF3D}.Release|Any CPU.Build.0 = Release|Any CPU
		{3C7F0222-55AC-4F03-BE84-9521C75940B8}.Debug|Any CPU.ActiveCfg = Debug|Any CPU
		{3C7F0222-55AC-4F03-BE84-9521C75940B8}.Debug|Any CPU.Build.0 = Debug|Any CPU
		{3C7F0222-55AC-4F03-BE84-9521C75940B8}.Release|Any CPU.ActiveCfg = Release|Any CPU
		{3C7F0222-55AC-4F03-BE84-9521C75940B8}.Release|Any CPU.Build.0 = Release|Any CPU
		{F17D1876-7F62-4CBE-AC07-F226065802F8}.Debug|Any CPU.ActiveCfg = Debug|Any CPU
		{F17D1876-7F62-4CBE-AC07-F226065802F8}.Debug|Any CPU.Build.0 = Debug|Any CPU
		{F17D1876-7F62-4CBE-AC07-F226065802F8}.Release|Any CPU.ActiveCfg = Release|Any CPU
		{F17D1876-7F62-4CBE-AC07-F226065802F8}.Release|Any CPU.Build.0 = Release|Any CPU
	EndGlobalSection
	GlobalSection(SolutionProperties) = preSolution
		HideSolutionNode = FALSE
	EndGlobalSection
	GlobalSection(ExtensibilityGlobals) = postSolution
		SolutionGuid = {75A8D4B0-1DE6-4792-B35A-A82F9F875BD0}
	EndGlobalSection
EndGlobal
